
Microsoft Visual Studio Solution File, Format Version 12.00
# Visual Studio Version 16
VisualStudioVersion = 16.0.31019.35
MinimumVisualStudioVersion = 10.0.40219.1
Project("{9A19103F-16F7-4668-BE54-9A1E7A4F7556}") = "Eplicta.Mets", "Eplicta.Mets\Eplicta.Mets.csproj", "{E081A9C8-5D0B-41B9-A707-51CB84215BFB}"
EndProject
Project("{FAE04EC0-301F-11D3-BF4B-00C04F79EFBC}") = "Eplicta.Mets.Tests", "Eplicta.Mets.Tests\Eplicta.Mets.Tests.csproj", "{6C2DF3BB-8EB3-42E8-87B3-44C9459E52D3}"
EndProject
Project("{FAE04EC0-301F-11D3-BF4B-00C04F79EFBC}") = "Eplicta.Mets.Console", "Eplicta.Mets.Console\Eplicta.Mets.Console.csproj", "{1B5A37C4-57F7-402D-B37C-ED87EF909A06}"
EndProject
Global
	GlobalSection(SolutionConfigurationPlatforms) = preSolution
		Debug|Any CPU = Debug|Any CPU
		Release|Any CPU = Release|Any CPU
	EndGlobalSection
	GlobalSection(ProjectConfigurationPlatforms) = postSolution
		{E081A9C8-5D0B-41B9-A707-51CB84215BFB}.Debug|Any CPU.ActiveCfg = Debug|Any CPU
		{E081A9C8-5D0B-41B9-A707-51CB84215BFB}.Debug|Any CPU.Build.0 = Debug|Any CPU
		{E081A9C8-5D0B-41B9-A707-51CB84215BFB}.Release|Any CPU.ActiveCfg = Release|Any CPU
		{E081A9C8-5D0B-41B9-A707-51CB84215BFB}.Release|Any CPU.Build.0 = Release|Any CPU
		{6C2DF3BB-8EB3-42E8-87B3-44C9459E52D3}.Debug|Any CPU.ActiveCfg = Debug|Any CPU
		{6C2DF3BB-8EB3-42E8-87B3-44C9459E52D3}.Debug|Any CPU.Build.0 = Debug|Any CPU
		{6C2DF3BB-8EB3-42E8-87B3-44C9459E52D3}.Release|Any CPU.ActiveCfg = Release|Any CPU
		{6C2DF3BB-8EB3-42E8-87B3-44C9459E52D3}.Release|Any CPU.Build.0 = Release|Any CPU
		{1B5A37C4-57F7-402D-B37C-ED87EF909A06}.Debug|Any CPU.ActiveCfg = Debug|Any CPU
		{1B5A37C4-57F7-402D-B37C-ED87EF909A06}.Debug|Any CPU.Build.0 = Debug|Any CPU
		{1B5A37C4-57F7-402D-B37C-ED87EF909A06}.Release|Any CPU.ActiveCfg = Release|Any CPU
		{1B5A37C4-57F7-402D-B37C-ED87EF909A06}.Release|Any CPU.Build.0 = Release|Any CPU
	EndGlobalSection
	GlobalSection(SolutionProperties) = preSolution
		HideSolutionNode = FALSE
	EndGlobalSection
	GlobalSection(ExtensibilityGlobals) = postSolution
		SolutionGuid = {D9E36431-8C11-4A5B-BF7F-014526F93BB5}
	EndGlobalSection
EndGlobal
